
Microsoft Visual Studio Solution File, Format Version 12.00
# Visual Studio Version 17
VisualStudioVersion = 17.13.35818.85 d17.13
MinimumVisualStudioVersion = 10.0.40219.1
Project("{FAE04EC0-301F-11D3-BF4B-00C04F79EFBC}") = "TPMOD5_103022300024", "TPMOD5_103022300024\TPMOD5_103022300024.csproj", "{AB13C85C-F3D0-4DD9-8387-95226577B68E}"
EndProject
Global
	GlobalSection(SolutionConfigurationPlatforms) = preSolution
		Debug|Any CPU = Debug|Any CPU
		Release|Any CPU = Release|Any CPU
	EndGlobalSection
	GlobalSection(ProjectConfigurationPlatforms) = postSolution
		{AB13C85C-F3D0-4DD9-8387-95226577B68E}.Debug|Any CPU.ActiveCfg = Debug|Any CPU
		{AB13C85C-F3D0-4DD9-8387-95226577B68E}.Debug|Any CPU.Build.0 = Debug|Any CPU
		{AB13C85C-F3D0-4DD9-8387-95226577B68E}.Release|Any CPU.ActiveCfg = Release|Any CPU
		{AB13C85C-F3D0-4DD9-8387-95226577B68E}.Release|Any CPU.Build.0 = Release|Any CPU
	EndGlobalSection
	GlobalSection(SolutionProperties) = preSolution
		HideSolutionNode = FALSE
	EndGlobalSection
	GlobalSection(ExtensibilityGlobals) = postSolution
		SolutionGuid = {4075CF57-7ADF-440A-93FE-5CB246EF8DC7}
	EndGlobalSection
EndGlobal
